
Microsoft Visual Studio Solution File, Format Version 11.00
# Visual Studio 2010
Project("{FAE04EC0-301F-11D3-BF4B-00C04F79EFBC}") = "Raven.HelloWorld", "Raven.HelloWorld\Raven.HelloWorld.csproj", "{E47D5635-94D6-415F-854F-0AF3258D618B}"
EndProject
Global
	GlobalSection(TeamFoundationVersionControl) = preSolution
		SccNumberOfProjects = 2
		SccEnterpriseProvider = {4CA58AB2-18FA-4F8D-95D4-32DDF27D184C}
		SccTeamFoundationServer = http://dappstf2010:8080/tfs/defaultcollection
		SccLocalPath0 = .
		SccProjectUniqueName1 = Raven.HelloWorld\\Raven.HelloWorld.csproj
		SccProjectName1 = Raven.HelloWorld
		SccLocalPath1 = Raven.HelloWorld
	EndGlobalSection
	GlobalSection(SolutionConfigurationPlatforms) = preSolution
		Debug|x86 = Debug|x86
		Release|x86 = Release|x86
	EndGlobalSection
	GlobalSection(ProjectConfigurationPlatforms) = postSolution
		{E47D5635-94D6-415F-854F-0AF3258D618B}.Debug|x86.ActiveCfg = Debug|x86
		{E47D5635-94D6-415F-854F-0AF3258D618B}.Debug|x86.Build.0 = Debug|x86
		{E47D5635-94D6-415F-854F-0AF3258D618B}.Release|x86.ActiveCfg = Release|x86
		{E47D5635-94D6-415F-854F-0AF3258D618B}.Release|x86.Build.0 = Release|x86
	EndGlobalSection
	GlobalSection(SolutionProperties) = preSolution
		HideSolutionNode = FALSE
	EndGlobalSection
EndGlobal
